
Microsoft Visual Studio Solution File, Format Version 12.00
# Visual Studio Version 17
VisualStudioVersion = 17.13.35931.197
MinimumVisualStudioVersion = 10.0.40219.1
Project("{FAE04EC0-301F-11D3-BF4B-00C04F79EFBC}") = "WeBoard.Client", "WeBoard.Client\WeBoard.Client.csproj", "{F17B7221-7F8C-493F-BB8E-3C50ADB0191B}"
EndProject
Project("{FAE04EC0-301F-11D3-BF4B-00C04F79EFBC}") = "WeBoard.Client.Services", "WeBoard.Client.Services\WeBoard.Client.Services.csproj", "{0D4FB14D-E48E-4F09-8FBD-66FA394F2A71}"
EndProject
Project("{FAE04EC0-301F-11D3-BF4B-00C04F79EFBC}") = "WeBoard.Core", "WeBoard.Core\WeBoard.Core.csproj", "{8A75A901-74CC-46D2-94A6-8E882B898886}"
EndProject
Global
	GlobalSection(SolutionConfigurationPlatforms) = preSolution
		Debug|Any CPU = Debug|Any CPU
		Release|Any CPU = Release|Any CPU
	EndGlobalSection
	GlobalSection(ProjectConfigurationPlatforms) = postSolution
		{F17B7221-7F8C-493F-BB8E-3C50ADB0191B}.Debug|Any CPU.ActiveCfg = Debug|Any CPU
		{F17B7221-7F8C-493F-BB8E-3C50ADB0191B}.Debug|Any CPU.Build.0 = Debug|Any CPU
		{F17B7221-7F8C-493F-BB8E-3C50ADB0191B}.Release|Any CPU.ActiveCfg = Release|Any CPU
		{F17B7221-7F8C-493F-BB8E-3C50ADB0191B}.Release|Any CPU.Build.0 = Release|Any CPU
		{0D4FB14D-E48E-4F09-8FBD-66FA394F2A71}.Debug|Any CPU.ActiveCfg = Debug|Any CPU
		{0D4FB14D-E48E-4F09-8FBD-66FA394F2A71}.Debug|Any CPU.Build.0 = Debug|Any CPU
		{0D4FB14D-E48E-4F09-8FBD-66FA394F2A71}.Release|Any CPU.ActiveCfg = Release|Any CPU
		{0D4FB14D-E48E-4F09-8FBD-66FA394F2A71}.Release|Any CPU.Build.0 = Release|Any CPU
		{8A75A901-74CC-46D2-94A6-8E882B898886}.Debug|Any CPU.ActiveCfg = Debug|Any CPU
		{8A75A901-74CC-46D2-94A6-8E882B898886}.Debug|Any CPU.Build.0 = Debug|Any CPU
		{8A75A901-74CC-46D2-94A6-8E882B898886}.Release|Any CPU.ActiveCfg = Release|Any CPU
		{8A75A901-74CC-46D2-94A6-8E882B898886}.Release|Any CPU.Build.0 = Release|Any CPU
	EndGlobalSection
	GlobalSection(SolutionProperties) = preSolution
		HideSolutionNode = FALSE
	EndGlobalSection
	GlobalSection(ExtensibilityGlobals) = postSolution
		SolutionGuid = {8845BFED-971D-4892-B64D-722A707806AD}
	EndGlobalSection
EndGlobal
